// !$*UTF8*$!
{
	archiveVersion = 1;
	classes = {
	};
	objectVersion = 50;
	objects = {

/* Begin PBXBuildFile section */
		6F2E6D9624A0DAF0000C7808 /* AppDelegate.swift in Sources */ = {isa = PBXBuildFile; fileRef = 6F2E6D9524A0DAF0000C7808 /* AppDelegate.swift */; };
		6F2E6D9824A0DAF0000C7808 /* SceneDelegate.swift in Sources */ = {isa = PBXBuildFile; fileRef = 6F2E6D9724A0DAF0000C7808 /* SceneDelegate.swift */; };
		6F2E6D9A24A0DAF0000C7808 /* IContactsViewController.swift in Sources */ = {isa = PBXBuildFile; fileRef = 6F2E6D9924A0DAF0000C7808 /* IContactsViewController.swift */; };
		6F2E6D9D24A0DAF0000C7808 /* Main.storyboard in Resources */ = {isa = PBXBuildFile; fileRef = 6F2E6D9B24A0DAF0000C7808 /* Main.storyboard */; };
		6F2E6DA024A0DAF0000C7808 /* iContacts.xcdatamodeld in Sources */ = {isa = PBXBuildFile; fileRef = 6F2E6D9E24A0DAF0000C7808 /* iContacts.xcdatamodeld */; };
		6F2E6DA224A0DAF1000C7808 /* Assets.xcassets in Resources */ = {isa = PBXBuildFile; fileRef = 6F2E6DA124A0DAF1000C7808 /* Assets.xcassets */; };
		6F2E6DA524A0DAF1000C7808 /* LaunchScreen.storyboard in Resources */ = {isa = PBXBuildFile; fileRef = 6F2E6DA324A0DAF1000C7808 /* LaunchScreen.storyboard */; };
		6F2E6DAD24A0DF61000C7808 /* Constants.swift in Sources */ = {isa = PBXBuildFile; fileRef = 6F2E6DAC24A0DF61000C7808 /* Constants.swift */; };
/* End PBXBuildFile section */

/* Begin PBXFileReference section */
		6F2E6D9224A0DAF0000C7808 /* iContacts.app */ = {isa = PBXFileReference; explicitFileType = wrapper.application; includeInIndex = 0; path = iContacts.app; sourceTree = BUILT_PRODUCTS_DIR; };
		6F2E6D9524A0DAF0000C7808 /* AppDelegate.swift */ = {isa = PBXFileReference; lastKnownFileType = sourcecode.swift; path = AppDelegate.swift; sourceTree = "<group>"; };
		6F2E6D9724A0DAF0000C7808 /* SceneDelegate.swift */ = {isa = PBXFileReference; lastKnownFileType = sourcecode.swift; path = SceneDelegate.swift; sourceTree = "<group>"; };
		6F2E6D9924A0DAF0000C7808 /* IContactsViewController.swift */ = {isa = PBXFileReference; lastKnownFileType = sourcecode.swift; path = IContactsViewController.swift; sourceTree = "<group>"; };
		6F2E6D9C24A0DAF0000C7808 /* Base */ = {isa = PBXFileReference; lastKnownFileType = file.storyboard; name = Base; path = Base.lproj/Main.storyboard; sourceTree = "<group>"; };
		6F2E6D9F24A0DAF0000C7808 /* iContacts.xcdatamodel */ = {isa = PBXFileReference; lastKnownFileType = wrapper.xcdatamodel; path = iContacts.xcdatamodel; sourceTree = "<group>"; };
		6F2E6DA124A0DAF1000C7808 /* Assets.xcassets */ = {isa = PBXFileReference; lastKnownFileType = folder.assetcatalog; path = Assets.xcassets; sourceTree = "<group>"; };
		6F2E6DA424A0DAF1000C7808 /* Base */ = {isa = PBXFileReference; lastKnownFileType = file.storyboard; name = Base; path = Base.lproj/LaunchScreen.storyboard; sourceTree = "<group>"; };
		6F2E6DA624A0DAF1000C7808 /* Info.plist */ = {isa = PBXFileReference; lastKnownFileType = text.plist.xml; path = Info.plist; sourceTree = "<group>"; };
		6F2E6DAC24A0DF61000C7808 /* Constants.swift */ = {isa = PBXFileReference; lastKnownFileType = sourcecode.swift; path = Constants.swift; sourceTree = "<group>"; };
/* End PBXFileReference section */

/* Begin PBXFrameworksBuildPhase section */
		6F2E6D8F24A0DAF0000C7808 /* Frameworks */ = {
			isa = PBXFrameworksBuildPhase;
			buildActionMask = 2147483647;
			files = (
			);
			runOnlyForDeploymentPostprocessing = 0;
		};
/* End PBXFrameworksBuildPhase section */

/* Begin PBXGroup section */
		6F2E6D8924A0DAF0000C7808 = {
			isa = PBXGroup;
			children = (
				6F2E6D9424A0DAF0000C7808 /* iContacts */,
				6F2E6D9324A0DAF0000C7808 /* Products */,
			);
			sourceTree = "<group>";
		};
		6F2E6D9324A0DAF0000C7808 /* Products */ = {
			isa = PBXGroup;
			children = (
				6F2E6D9224A0DAF0000C7808 /* iContacts.app */,
			);
			name = Products;
			sourceTree = "<group>";
		};
		6F2E6D9424A0DAF0000C7808 /* iContacts */ = {
			isa = PBXGroup;
			children = (
				6F2E6D9524A0DAF0000C7808 /* AppDelegate.swift */,
				6F2E6D9724A0DAF0000C7808 /* SceneDelegate.swift */,
				6F2E6D9924A0DAF0000C7808 /* IContactsViewController.swift */,
				6F2E6D9B24A0DAF0000C7808 /* Main.storyboard */,
				6F2E6DA124A0DAF1000C7808 /* Assets.xcassets */,
				6F2E6DA324A0DAF1000C7808 /* LaunchScreen.storyboard */,
				6F2E6DA624A0DAF1000C7808 /* Info.plist */,
				6F2E6D9E24A0DAF0000C7808 /* iContacts.xcdatamodeld */,
				6F2E6DAC24A0DF61000C7808 /* Constants.swift */,
			);
			path = iContacts;
			sourceTree = "<group>";
		};
/* End PBXGroup section */

/* Begin PBXNativeTarget section */
		6F2E6D9124A0DAF0000C7808 /* iContacts */ = {
			isa = PBXNativeTarget;
			buildConfigurationList = 6F2E6DA924A0DAF1000C7808 /* Build configuration list for PBXNativeTarget "iContacts" */;
			buildPhases = (
				6F2E6D8E24A0DAF0000C7808 /* Sources */,
				6F2E6D8F24A0DAF0000C7808 /* Frameworks */,
				6F2E6D9024A0DAF0000C7808 /* Resources */,
			);
			buildRules = (
			);
			dependencies = (
			);
			name = iContacts;
			productName = iContacts;
			productReference = 6F2E6D9224A0DAF0000C7808 /* iContacts.app */;
			productType = "com.apple.product-type.application";
		};
/* End PBXNativeTarget section */

/* Begin PBXProject section */
		6F2E6D8A24A0DAF0000C7808 /* Project object */ = {
			isa = PBXProject;
			attributes = {
				LastSwiftUpdateCheck = 1150;
				LastUpgradeCheck = 1150;
				ORGANIZATIONNAME = "Zhen YAN";
				TargetAttributes = {
					6F2E6D9124A0DAF0000C7808 = {
						CreatedOnToolsVersion = 11.5;
					};
				};
			};
			buildConfigurationList = 6F2E6D8D24A0DAF0000C7808 /* Build configuration list for PBXProject "iContacts" */;
			compatibilityVersion = "Xcode 9.3";
			developmentRegion = en;
			hasScannedForEncodings = 0;
			knownRegions = (
				en,
				Base,
			);
			mainGroup = 6F2E6D8924A0DAF0000C7808;
			productRefGroup = 6F2E6D9324A0DAF0000C7808 /* Products */;
			projectDirPath = "";
			projectRoot = "";
			targets = (
				6F2E6D9124A0DAF0000C7808 /* iContacts */,
			);
		};
/* End PBXProject section */

/* Begin PBXResourcesBuildPhase section */
		6F2E6D9024A0DAF0000C7808 /* Resources */ = {
			isa = PBXResourcesBuildPhase;
			buildActionMask = 2147483647;
			files = (
				6F2E6DA524A0DAF1000C7808 /* LaunchScreen.storyboard in Resources */,
				6F2E6DA224A0DAF1000C7808 /* Assets.xcassets in Resources */,
				6F2E6D9D24A0DAF0000C7808 /* Main.storyboard in Resources */,
			);
			runOnlyForDeploymentPostprocessing = 0;
		};
/* End PBXResourcesBuildPhase section */

/* Begin PBXSourcesBuildPhase section */
		6F2E6D8E24A0DAF0000C7808 /* Sources */ = {
			isa = PBXSourcesBuildPhase;
			buildActionMask = 2147483647;
			files = (
				6F2E6DAD24A0DF61000C7808 /* Constants.swift in Sources */,
				6F2E6D9A24A0DAF0000C7808 /* IContactsViewController.swift in Sources */,
				6F2E6D9624A0DAF0000C7808 /* AppDelegate.swift in Sources */,
				6F2E6DA024A0DAF0000C7808 /* iContacts.xcdatamodeld in Sources */,
				6F2E6D9824A0DAF0000C7808 /* SceneDelegate.swift in Sources */,
			);
			runOnlyForDeploymentPostprocessing = 0;
		};
/* End PBXSourcesBuildPhase section */

/* Begin PBXVariantGroup section */
		6F2E6D9B24A0DAF0000C7808 /* Main.storyboard */ = {
			isa = PBXVariantGroup;
			children = (
				6F2E6D9C24A0DAF0000C7808 /* Base */,
			);
			name = Main.storyboard;
			sourceTree = "<group>";
		};
		6F2E6DA324A0DAF1000C7808 /* LaunchScreen.storyboard */ = {
			isa = PBXVariantGroup;
			children = (
				6F2E6DA424A0DAF1000C7808 /* Base */,
			);
			name = LaunchScreen.storyboard;
			sourceTree = "<group>";
		};
/* End PBXVariantGroup section */

/* Begin XCBuildConfiguration section */
		6F2E6DA724A0DAF1000C7808 /* Debug */ = {
			isa = XCBuildConfiguration;
			buildSettings = {
				ALWAYS_SEARCH_USER_PATHS = NO;
				CLANG_ANALYZER_NONNULL = YES;
				CLANG_ANALYZER_NUMBER_OBJECT_CONVERSION = YES_AGGRESSIVE;
				CLANG_CXX_LANGUAGE_STANDARD = "gnu++14";
				CLANG_CXX_LIBRARY = "libc++";
				CLANG_ENABLE_MODULES = YES;
				CLANG_ENABLE_OBJC_ARC = YES;
				CLANG_ENABLE_OBJC_WEAK = YES;
				CLANG_WARN_BLOCK_CAPTURE_AUTORELEASING = YES;
				CLANG_WARN_BOOL_CONVERSION = YES;
				CLANG_WARN_COMMA = YES;
				CLANG_WARN_CONSTANT_CONVERSION = YES;
				CLANG_WARN_DEPRECATED_OBJC_IMPLEMENTATIONS = YES;
				CLANG_WARN_DIRECT_OBJC_ISA_USAGE = YES_ERROR;
				CLANG_WARN_DOCUMENTATION_COMMENTS = YES;
				CLANG_WARN_EMPTY_BODY = YES;
				CLANG_WARN_ENUM_CONVERSION = YES;
				CLANG_WARN_INFINITE_RECURSION = YES;
				CLANG_WARN_INT_CONVERSION = YES;
				CLANG_WARN_NON_LITERAL_NULL_CONVERSION = YES;
				CLANG_WARN_OBJC_IMPLICIT_RETAIN_SELF = YES;
				CLANG_WARN_OBJC_LITERAL_CONVERSION = YES;
				CLANG_WARN_OBJC_ROOT_CLASS = YES_ERROR;
				CLANG_WARN_RANGE_LOOP_ANALYSIS = YES;
				CLANG_WARN_STRICT_PROTOTYPES = YES;
				CLANG_WARN_SUSPICIOUS_MOVE = YES;
				CLANG_WARN_UNGUARDED_AVAILABILITY = YES_AGGRESSIVE;
				CLANG_WARN_UNREACHABLE_CODE = YES;
				CLANG_WARN__DUPLICATE_METHOD_MATCH = YES;
				COPY_PHASE_STRIP = NO;
				DEBUG_INFORMATION_FORMAT = dwarf;
				ENABLE_STRICT_OBJC_MSGSEND = YES;
				ENABLE_TESTABILITY = YES;
				GCC_C_LANGUAGE_STANDARD = gnu11;
				GCC_DYNAMIC_NO_PIC = NO;
				GCC_NO_COMMON_BLOCKS = YES;
				GCC_OPTIMIZATION_LEVEL = 0;
				GCC_PREPROCESSOR_DEFINITIONS = (
					"DEBUG=1",
					"$(inherited)",
				);
				GCC_WARN_64_TO_32_BIT_CONVERSION = YES;
				GCC_WARN_ABOUT_RETURN_TYPE = YES_ERROR;
				GCC_WARN_UNDECLARED_SELECTOR = YES;
				GCC_WARN_UNINITIALIZED_AUTOS = YES_AGGRESSIVE;
				GCC_WARN_UNUSED_FUNCTION = YES;
				GCC_WARN_UNUSED_VARIABLE = YES;
				IPHONEOS_DEPLOYMENT_TARGET = 13.5;
				MTL_ENABLE_DEBUG_INFO = INCLUDE_SOURCE;
				MTL_FAST_MATH = YES;
				ONLY_ACTIVE_ARCH = YES;
				SDKROOT = iphoneos;
				SWIFT_ACTIVE_COMPILATION_CONDITIONS = DEBUG;
				SWIFT_OPTIMIZATION_LEVEL = "-Onone";
			};
			name = Debug;
		};
		6F2E6DA824A0DAF1000C7808 /* Release */ = {
			isa = XCBuildConfiguration;
			buildSettings = {
				ALWAYS_SEARCH_USER_PATHS = NO;
				CLANG_ANALYZER_NONNULL = YES;
				CLANG_ANALYZER_NUMBER_OBJECT_CONVERSION = YES_AGGRESSIVE;
				CLANG_CXX_LANGUAGE_STANDARD = "gnu++14";
				CLANG_CXX_LIBRARY = "libc++";
				CLANG_ENABLE_MODULES = YES;
				CLANG_ENABLE_OBJC_ARC = YES;
				CLANG_ENABLE_OBJC_WEAK = YES;
				CLANG_WARN_BLOCK_CAPTURE_AUTORELEASING = YES;
				CLANG_WARN_BOOL_CONVERSION = YES;
				CLANG_WARN_COMMA = YES;
				CLANG_WARN_CONSTANT_CONVERSION = YES;
				CLANG_WARN_DEPRECATED_OBJC_IMPLEMENTATIONS = YES;
				CLANG_WARN_DIRECT_OBJC_ISA_USAGE = YES_ERROR;
				CLANG_WARN_DOCUMENTATION_COMMENTS = YES;
				CLANG_WARN_EMPTY_BODY = YES;
				CLANG_WARN_ENUM_CONVERSION = YES;
				CLANG_WARN_INFINITE_RECURSION = YES;
				CLANG_WARN_INT_CONVERSION = YES;
				CLANG_WARN_NON_LITERAL_NULL_CONVERSION = YES;
				CLANG_WARN_OBJC_IMPLICIT_RETAIN_SELF = YES;
				CLANG_WARN_OBJC_LITERAL_CONVERSION = YES;
				CLANG_WARN_OBJC_ROOT_CLASS = YES_ERROR;
				CLANG_WARN_RANGE_LOOP_ANALYSIS = YES;
				CLANG_WARN_STRICT_PROTOTYPES = YES;
				CLANG_WARN_SUSPICIOUS_MOVE = YES;
				CLANG_WARN_UNGUARDED_AVAILABILITY = YES_AGGRESSIVE;
				CLANG_WARN_UNREACHABLE_CODE = YES;
				CLANG_WARN__DUPLICATE_METHOD_MATCH = YES;
				COPY_PHASE_STRIP = NO;
				DEBUG_INFORMATION_FORMAT = "dwarf-with-dsym";
				ENABLE_NS_ASSERTIONS = NO;
				ENABLE_STRICT_OBJC_MSGSEND = YES;
				GCC_C_LANGUAGE_STANDARD = gnu11;
				GCC_NO_COMMON_BLOCKS = YES;
				GCC_WARN_64_TO_32_BIT_CONVERSION = YES;
				GCC_WARN_ABOUT_RETURN_TYPE = YES_ERROR;
				GCC_WARN_UNDECLARED_SELECTOR = YES;
				GCC_WARN_UNINITIALIZED_AUTOS = YES_AGGRESSIVE;
				GCC_WARN_UNUSED_FUNCTION = YES;
				GCC_WARN_UNUSED_VARIABLE = YES;
				IPHONEOS_DEPLOYMENT_TARGET = 13.5;
				MTL_ENABLE_DEBUG_INFO = NO;
				MTL_FAST_MATH = YES;
				SDKROOT = iphoneos;
				SWIFT_COMPILATION_MODE = wholemodule;
				SWIFT_OPTIMIZATION_LEVEL = "-O";
				VALIDATE_PRODUCT = YES;
			};
			name = Release;
		};
		6F2E6DAA24A0DAF1000C7808 /* Debug */ = {
			isa = XCBuildConfiguration;
			buildSettings = {
				ASSETCATALOG_COMPILER_APPICON_NAME = AppIcon;
				CODE_SIGN_STYLE = Automatic;
				DEVELOPMENT_TEAM = 9B2BHBR3SW;
				INFOPLIST_FILE = iContacts/Info.plist;
				LD_RUNPATH_SEARCH_PATHS = (
					"$(inherited)",
					"@executable_path/Frameworks",
				);
				PRODUCT_BUNDLE_IDENTIFIER = com.zhen.iContacts;
				PRODUCT_NAME = "$(TARGET_NAME)";
				SWIFT_VERSION = 5.0;
				TARGETED_DEVICE_FAMILY = "1,2";
			};
			name = Debug;
		};
		6F2E6DAB24A0DAF1000C7808 /* Release */ = {
			isa = XCBuildConfiguration;
			buildSettings = {
				ASSETCATALOG_COMPILER_APPICON_NAME = AppIcon;
				CODE_SIGN_STYLE = Automatic;
				DEVELOPMENT_TEAM = 9B2BHBR3SW;
				INFOPLIST_FILE = iContacts/Info.plist;
				LD_RUNPATH_SEARCH_PATHS = (
					"$(inherited)",
					"@executable_path/Frameworks",
				);
				PRODUCT_BUNDLE_IDENTIFIER = com.zhen.iContacts;
				PRODUCT_NAME = "$(TARGET_NAME)";
				SWIFT_VERSION = 5.0;
				TARGETED_DEVICE_FAMILY = "1,2";
			};
			name = Release;
		};
/* End XCBuildConfiguration section */

/* Begin XCConfigurationList section */
		6F2E6D8D24A0DAF0000C7808 /* Build configuration list for PBXProject "iContacts" */ = {
			isa = XCConfigurationList;
			buildConfigurations = (
				6F2E6DA724A0DAF1000C7808 /* Debug */,
				6F2E6DA824A0DAF1000C7808 /* Release */,
			);
			defaultConfigurationIsVisible = 0;
			defaultConfigurationName = Release;
		};
		6F2E6DA924A0DAF1000C7808 /* Build configuration list for PBXNativeTarget "iContacts" */ = {
			isa = XCConfigurationList;
			buildConfigurations = (
				6F2E6DAA24A0DAF1000C7808 /* Debug */,
				6F2E6DAB24A0DAF1000C7808 /* Release */,
			);
			defaultConfigurationIsVisible = 0;
			defaultConfigurationName = Release;
		};
/* End XCConfigurationList section */

/* Begin XCVersionGroup section */
		6F2E6D9E24A0DAF0000C7808 /* iContacts.xcdatamodeld */ = {
			isa = XCVersionGroup;
			children = (
				6F2E6D9F24A0DAF0000C7808 /* iContacts.xcdatamodel */,
			);
			currentVersion = 6F2E6D9F24A0DAF0000C7808 /* iContacts.xcdatamodel */;
			path = iContacts.xcdatamodeld;
			sourceTree = "<group>";
			versionGroupType = wrapper.xcdatamodel;
		};
/* End XCVersionGroup section */
	};
	rootObject = 6F2E6D8A24A0DAF0000C7808 /* Project object */;
}
